// !$*UTF8*$!
{
	archiveVersion = 1;
	classes = {
	};
	objectVersion = 48;
	objects = {

/* Begin PBXBuildFile section */
		488118C6201405880C9FB4B6 /* Pods_WageKeeper.framework in Frameworks */ = {isa = PBXBuildFile; fileRef = 6A2FEDCE8102FEBDF20CDA71 /* Pods_WageKeeper.framework */; };
		980B984F2211837800414EB9 /* EditVC.swift in Sources */ = {isa = PBXBuildFile; fileRef = 980B984E2211837800414EB9 /* EditVC.swift */; };
		980D1DD01FA3A4770091E06D /* SettingsTableNav.swift in Sources */ = {isa = PBXBuildFile; fileRef = 980D1DCF1FA3A4770091E06D /* SettingsTableNav.swift */; };
		981E7FD42209FF0E006A492C /* CloudStorage.swift in Sources */ = {isa = PBXBuildFile; fileRef = 981E7FD32209FF0E006A492C /* CloudStorage.swift */; };
		9820A5551FBCBF6B00EAEE6A /* MainNav.swift in Sources */ = {isa = PBXBuildFile; fileRef = 9820A5541FBCBF6B00EAEE6A /* MainNav.swift */; };
		982548292210987600BA182D /* SwitchCell.swift in Sources */ = {isa = PBXBuildFile; fileRef = 982548282210987600BA182D /* SwitchCell.swift */; };
		9825482D2210AB0500BA182D /* NoteCell.swift in Sources */ = {isa = PBXBuildFile; fileRef = 9825482C2210AB0500BA182D /* NoteCell.swift */; };
		9825482F2210ADF500BA182D /* FullTextFieldCell.swift in Sources */ = {isa = PBXBuildFile; fileRef = 9825482E2210ADF500BA182D /* FullTextFieldCell.swift */; };
		982548312210D70D00BA182D /* DurationCell.swift in Sources */ = {isa = PBXBuildFile; fileRef = 982548302210D70D00BA182D /* DurationCell.swift */; };
		982F934B22087796005D9C99 /* LocalStorage.swift in Sources */ = {isa = PBXBuildFile; fileRef = 982F934A22087796005D9C99 /* LocalStorage.swift */; };
		982F934E220884DA005D9C99 /* ShiftModel.swift in Sources */ = {isa = PBXBuildFile; fileRef = 982F934D220884DA005D9C99 /* ShiftModel.swift */; };
		982F93502208B103005D9C99 /* UserSettings.swift in Sources */ = {isa = PBXBuildFile; fileRef = 982F934F2208B103005D9C99 /* UserSettings.swift */; };
		982F93542208C386005D9C99 /* StringFormatter.swift in Sources */ = {isa = PBXBuildFile; fileRef = 982F93532208C386005D9C99 /* StringFormatter.swift */; };
		982FFE8E22130F9F007400C6 /* AccountVC.swift in Sources */ = {isa = PBXBuildFile; fileRef = 982FFE8D22130F9F007400C6 /* AccountVC.swift */; };
		982FFE9222134B27007400C6 /* LoginForm.swift in Sources */ = {isa = PBXBuildFile; fileRef = 982FFE9122134B27007400C6 /* LoginForm.swift */; };
		982FFE9422134F59007400C6 /* CreateAccountForm.swift in Sources */ = {isa = PBXBuildFile; fileRef = 982FFE9322134F59007400C6 /* CreateAccountForm.swift */; };
		9830C1FD220793CB0023B582 /* LaunchScreen.storyboard in Resources */ = {isa = PBXBuildFile; fileRef = 9830C1FB220793CB0023B582 /* LaunchScreen.storyboard */; };
		9830C1FE220793CB0023B582 /* Main.storyboard in Resources */ = {isa = PBXBuildFile; fileRef = 9830C1FC220793CB0023B582 /* Main.storyboard */; };
		9830C2012207A0EF0023B582 /* Period.swift in Sources */ = {isa = PBXBuildFile; fileRef = 9830C2002207A0EF0023B582 /* Period.swift */; };
		9830C2062207B3AD0023B582 /* Time.swift in Sources */ = {isa = PBXBuildFile; fileRef = 9830C2052207B3AD0023B582 /* Time.swift */; };
		984319182207923E00C9B6FF /* AppDelegate.swift in Sources */ = {isa = PBXBuildFile; fileRef = 988FDEB91F9F7AFA0090DEF1 /* AppDelegate.swift */; };
		9852F1071FA2309B00E7BDB5 /* MainCell.swift in Sources */ = {isa = PBXBuildFile; fileRef = 9852F1061FA2309B00E7BDB5 /* MainCell.swift */; };
		9858E0EC220866D7007600C3 /* Version.swift in Sources */ = {isa = PBXBuildFile; fileRef = 9858E0EB220866D7007600C3 /* Version.swift */; };
		9862A5711FCC33AA0047671D /* AdvancedSettingsTable.swift in Sources */ = {isa = PBXBuildFile; fileRef = 9862A5701FCC33AA0047671D /* AdvancedSettingsTable.swift */; };
		9864BB0C1FD4700E005DB5F2 /* Calculator.swift in Sources */ = {isa = PBXBuildFile; fileRef = 9864BB0B1FD4700E005DB5F2 /* Calculator.swift */; };
		9886E9BC2211C11D00A4207A /* Periods.swift in Sources */ = {isa = PBXBuildFile; fileRef = 9886E9BB2211C11D00A4207A /* Periods.swift */; };
		9886E9BE2211DEA000A4207A /* Colors.swift in Sources */ = {isa = PBXBuildFile; fileRef = 9886E9BD2211DEA000A4207A /* Colors.swift */; };
		988FDEBC1F9F7AFA0090DEF1 /* Logger.swift in Sources */ = {isa = PBXBuildFile; fileRef = 988FDEBB1F9F7AFA0090DEF1 /* Logger.swift */; };
		988FDEC21F9F7AFA0090DEF1 /* adding_shifts.xcdatamodeld in Sources */ = {isa = PBXBuildFile; fileRef = 988FDEC01F9F7AFA0090DEF1 /* adding_shifts.xcdatamodeld */; };
		988FDEC41F9F7AFA0090DEF1 /* Assets.xcassets in Resources */ = {isa = PBXBuildFile; fileRef = 988FDEC31F9F7AFA0090DEF1 /* Assets.xcassets */; };
		989392DC1FCEF322002475EA /* Extensions.swift in Sources */ = {isa = PBXBuildFile; fileRef = 989392DB1FCEF322002475EA /* Extensions.swift */; };
		98A54977220E03C000CBEE5D /* AddVC.swift in Sources */ = {isa = PBXBuildFile; fileRef = 98A54976220E03C000CBEE5D /* AddVC.swift */; };
		98ACD1671FA381D800B78C7D /* SettingsTable.swift in Sources */ = {isa = PBXBuildFile; fileRef = 98ACD1661FA381D800B78C7D /* SettingsTable.swift */; };
		98B3B8802209DA8C000D153B /* GoogleService-Info.plist in Resources */ = {isa = PBXBuildFile; fileRef = 98B3B87F2209DA8C000D153B /* GoogleService-Info.plist */; };
		98BD37F12214AF9E0047F10E /* globals.swift in Sources */ = {isa = PBXBuildFile; fileRef = 98BD37F02214AF9E0047F10E /* globals.swift */; };
		98CA61941FB0A6D900463FF7 /* OvertimeRuleTable.swift in Sources */ = {isa = PBXBuildFile; fileRef = 98CA61931FB0A6D900463FF7 /* OvertimeRuleTable.swift */; };
		98D40CC1220B35A9006E59E0 /* AuthVC.swift in Sources */ = {isa = PBXBuildFile; fileRef = 98D40CC0220B35A9006E59E0 /* AuthVC.swift */; };
		98D40CC3220B3C6A006E59E0 /* CloudAuth.swift in Sources */ = {isa = PBXBuildFile; fileRef = 98D40CC2220B3C6A006E59E0 /* CloudAuth.swift */; };
		98D40CC5220B410F006E59E0 /* User.swift in Sources */ = {isa = PBXBuildFile; fileRef = 98D40CC4220B410F006E59E0 /* User.swift */; };
		98D6628F2216003F001B2422 /* UpdateForm.swift in Sources */ = {isa = PBXBuildFile; fileRef = 98D6628E2216003F001B2422 /* UpdateForm.swift */; };
		98E284E31FC70CC1004FD2D2 /* TabBarController.swift in Sources */ = {isa = PBXBuildFile; fileRef = 98E284E21FC70CC1004FD2D2 /* TabBarController.swift */; };
		98E2EF9A1FB4D657006C3F96 /* CountingLabel.swift in Sources */ = {isa = PBXBuildFile; fileRef = 98E2EF991FB4D657006C3F96 /* CountingLabel.swift */; };
		98FD4C5D1FC8390F002B91B1 /* LaunchCell.swift in Sources */ = {isa = PBXBuildFile; fileRef = 98FD4C5C1FC8390F002B91B1 /* LaunchCell.swift */; };
/* End PBXBuildFile section */

/* Begin PBXFileReference section */
		12185FAAFF2FF701EBC5FDD9 /* Pods-WageKeeper.debug.xcconfig */ = {isa = PBXFileReference; includeInIndex = 1; lastKnownFileType = text.xcconfig; name = "Pods-WageKeeper.debug.xcconfig"; path = "Pods/Target Support Files/Pods-WageKeeper/Pods-WageKeeper.debug.xcconfig"; sourceTree = "<group>"; };
		6106A203491D43CA4ED87591 /* Pods-WageKeeper.release.xcconfig */ = {isa = PBXFileReference; includeInIndex = 1; lastKnownFileType = text.xcconfig; name = "Pods-WageKeeper.release.xcconfig"; path = "Pods/Target Support Files/Pods-WageKeeper/Pods-WageKeeper.release.xcconfig"; sourceTree = "<group>"; };
		6A2FEDCE8102FEBDF20CDA71 /* Pods_WageKeeper.framework */ = {isa = PBXFileReference; explicitFileType = wrapper.framework; includeInIndex = 0; path = Pods_WageKeeper.framework; sourceTree = BUILT_PRODUCTS_DIR; };
		980B984E2211837800414EB9 /* EditVC.swift */ = {isa = PBXFileReference; lastKnownFileType = sourcecode.swift; path = EditVC.swift; sourceTree = "<group>"; };
		980D1DCF1FA3A4770091E06D /* SettingsTableNav.swift */ = {isa = PBXFileReference; lastKnownFileType = sourcecode.swift; path = SettingsTableNav.swift; sourceTree = "<group>"; };
		981E7FD32209FF0E006A492C /* CloudStorage.swift */ = {isa = PBXFileReference; lastKnownFileType = sourcecode.swift; path = CloudStorage.swift; sourceTree = "<group>"; };
		9820A5541FBCBF6B00EAEE6A /* MainNav.swift */ = {isa = PBXFileReference; lastKnownFileType = sourcecode.swift; path = MainNav.swift; sourceTree = "<group>"; };
		982548282210987600BA182D /* SwitchCell.swift */ = {isa = PBXFileReference; lastKnownFileType = sourcecode.swift; path = SwitchCell.swift; sourceTree = "<group>"; };
		9825482C2210AB0500BA182D /* NoteCell.swift */ = {isa = PBXFileReference; lastKnownFileType = sourcecode.swift; path = NoteCell.swift; sourceTree = "<group>"; };
		9825482E2210ADF500BA182D /* FullTextFieldCell.swift */ = {isa = PBXFileReference; lastKnownFileType = sourcecode.swift; path = FullTextFieldCell.swift; sourceTree = "<group>"; };
		982548302210D70D00BA182D /* DurationCell.swift */ = {isa = PBXFileReference; lastKnownFileType = sourcecode.swift; path = DurationCell.swift; sourceTree = "<group>"; };
		982F934A22087796005D9C99 /* LocalStorage.swift */ = {isa = PBXFileReference; lastKnownFileType = sourcecode.swift; path = LocalStorage.swift; sourceTree = "<group>"; };
		982F934D220884DA005D9C99 /* ShiftModel.swift */ = {isa = PBXFileReference; lastKnownFileType = sourcecode.swift; path = ShiftModel.swift; sourceTree = "<group>"; };
		982F934F2208B103005D9C99 /* UserSettings.swift */ = {isa = PBXFileReference; lastKnownFileType = sourcecode.swift; path = UserSettings.swift; sourceTree = "<group>"; };
		982F93532208C386005D9C99 /* StringFormatter.swift */ = {isa = PBXFileReference; lastKnownFileType = sourcecode.swift; path = StringFormatter.swift; sourceTree = "<group>"; };
		982FFE8D22130F9F007400C6 /* AccountVC.swift */ = {isa = PBXFileReference; lastKnownFileType = sourcecode.swift; path = AccountVC.swift; sourceTree = "<group>"; };
		982FFE9122134B27007400C6 /* LoginForm.swift */ = {isa = PBXFileReference; lastKnownFileType = sourcecode.swift; path = LoginForm.swift; sourceTree = "<group>"; };
		982FFE9322134F59007400C6 /* CreateAccountForm.swift */ = {isa = PBXFileReference; lastKnownFileType = sourcecode.swift; path = CreateAccountForm.swift; sourceTree = "<group>"; };
		9830C1FB220793CB0023B582 /* LaunchScreen.storyboard */ = {isa = PBXFileReference; fileEncoding = 4; lastKnownFileType = file.storyboard; path = LaunchScreen.storyboard; sourceTree = "<group>"; };
		9830C1FC220793CB0023B582 /* Main.storyboard */ = {isa = PBXFileReference; fileEncoding = 4; lastKnownFileType = file.storyboard; path = Main.storyboard; sourceTree = "<group>"; };
		9830C2002207A0EF0023B582 /* Period.swift */ = {isa = PBXFileReference; lastKnownFileType = sourcecode.swift; path = Period.swift; sourceTree = "<group>"; };
		9830C2052207B3AD0023B582 /* Time.swift */ = {isa = PBXFileReference; lastKnownFileType = sourcecode.swift; path = Time.swift; sourceTree = "<group>"; };
		9843191422078EC000C9B6FF /* Info.plist */ = {isa = PBXFileReference; fileEncoding = 4; lastKnownFileType = text.plist.xml; path = Info.plist; sourceTree = "<group>"; };
		9852F1061FA2309B00E7BDB5 /* MainCell.swift */ = {isa = PBXFileReference; lastKnownFileType = sourcecode.swift; path = MainCell.swift; sourceTree = "<group>"; };
		9858E0EB220866D7007600C3 /* Version.swift */ = {isa = PBXFileReference; lastKnownFileType = sourcecode.swift; path = Version.swift; sourceTree = "<group>"; };
		9862A5701FCC33AA0047671D /* AdvancedSettingsTable.swift */ = {isa = PBXFileReference; lastKnownFileType = sourcecode.swift; path = AdvancedSettingsTable.swift; sourceTree = "<group>"; };
		9864BB0B1FD4700E005DB5F2 /* Calculator.swift */ = {isa = PBXFileReference; lastKnownFileType = sourcecode.swift; path = Calculator.swift; sourceTree = "<group>"; };
		9886E9BB2211C11D00A4207A /* Periods.swift */ = {isa = PBXFileReference; lastKnownFileType = sourcecode.swift; path = Periods.swift; sourceTree = "<group>"; };
		9886E9BD2211DEA000A4207A /* Colors.swift */ = {isa = PBXFileReference; lastKnownFileType = sourcecode.swift; path = Colors.swift; sourceTree = "<group>"; };
		988FDEB61F9F7AFA0090DEF1 /* WageKeeper.app */ = {isa = PBXFileReference; explicitFileType = wrapper.application; includeInIndex = 0; path = WageKeeper.app; sourceTree = BUILT_PRODUCTS_DIR; };
		988FDEB91F9F7AFA0090DEF1 /* AppDelegate.swift */ = {isa = PBXFileReference; lastKnownFileType = sourcecode.swift; path = AppDelegate.swift; sourceTree = "<group>"; };
		988FDEBB1F9F7AFA0090DEF1 /* Logger.swift */ = {isa = PBXFileReference; lastKnownFileType = sourcecode.swift; path = Logger.swift; sourceTree = "<group>"; };
		988FDEC11F9F7AFA0090DEF1 /* adding_shifts.xcdatamodel */ = {isa = PBXFileReference; lastKnownFileType = wrapper.xcdatamodel; path = adding_shifts.xcdatamodel; sourceTree = "<group>"; };
		988FDEC31F9F7AFA0090DEF1 /* Assets.xcassets */ = {isa = PBXFileReference; lastKnownFileType = folder.assetcatalog; path = Assets.xcassets; sourceTree = "<group>"; };
		989392DB1FCEF322002475EA /* Extensions.swift */ = {isa = PBXFileReference; lastKnownFileType = sourcecode.swift; path = Extensions.swift; sourceTree = "<group>"; };
		98A54976220E03C000CBEE5D /* AddVC.swift */ = {isa = PBXFileReference; lastKnownFileType = sourcecode.swift; path = AddVC.swift; sourceTree = "<group>"; };
		98ACD1661FA381D800B78C7D /* SettingsTable.swift */ = {isa = PBXFileReference; lastKnownFileType = sourcecode.swift; path = SettingsTable.swift; sourceTree = "<group>"; };
		98B3B87F2209DA8C000D153B /* GoogleService-Info.plist */ = {isa = PBXFileReference; fileEncoding = 4; lastKnownFileType = text.plist.xml; path = "GoogleService-Info.plist"; sourceTree = "<group>"; };
		98BD37F02214AF9E0047F10E /* globals.swift */ = {isa = PBXFileReference; lastKnownFileType = sourcecode.swift; path = globals.swift; sourceTree = "<group>"; };
		98CA61931FB0A6D900463FF7 /* OvertimeRuleTable.swift */ = {isa = PBXFileReference; lastKnownFileType = sourcecode.swift; path = OvertimeRuleTable.swift; sourceTree = "<group>"; };
		98D40CC0220B35A9006E59E0 /* AuthVC.swift */ = {isa = PBXFileReference; lastKnownFileType = sourcecode.swift; path = AuthVC.swift; sourceTree = "<group>"; };
		98D40CC2220B3C6A006E59E0 /* CloudAuth.swift */ = {isa = PBXFileReference; lastKnownFileType = sourcecode.swift; path = CloudAuth.swift; sourceTree = "<group>"; };
		98D40CC4220B410F006E59E0 /* User.swift */ = {isa = PBXFileReference; lastKnownFileType = sourcecode.swift; path = User.swift; sourceTree = "<group>"; };
		98D6628E2216003F001B2422 /* UpdateForm.swift */ = {isa = PBXFileReference; lastKnownFileType = sourcecode.swift; path = UpdateForm.swift; sourceTree = "<group>"; };
		98E284E21FC70CC1004FD2D2 /* TabBarController.swift */ = {isa = PBXFileReference; lastKnownFileType = sourcecode.swift; path = TabBarController.swift; sourceTree = "<group>"; };
		98E2EF991FB4D657006C3F96 /* CountingLabel.swift */ = {isa = PBXFileReference; lastKnownFileType = sourcecode.swift; path = CountingLabel.swift; sourceTree = "<group>"; };
		98FD4C5C1FC8390F002B91B1 /* LaunchCell.swift */ = {isa = PBXFileReference; lastKnownFileType = sourcecode.swift; path = LaunchCell.swift; sourceTree = "<group>"; };
/* End PBXFileReference section */

/* Begin PBXFrameworksBuildPhase section */
		988FDEB31F9F7AFA0090DEF1 /* Frameworks */ = {
			isa = PBXFrameworksBuildPhase;
			buildActionMask = 2147483647;
			files = (
				488118C6201405880C9FB4B6 /* Pods_WageKeeper.framework in Frameworks */,
			);
			runOnlyForDeploymentPostprocessing = 0;
		};
/* End PBXFrameworksBuildPhase section */

/* Begin PBXGroup section */
		1F9ACF658B38C6DB8A853818 /* Pods */ = {
			isa = PBXGroup;
			children = (
				12185FAAFF2FF701EBC5FDD9 /* Pods-WageKeeper.debug.xcconfig */,
				6106A203491D43CA4ED87591 /* Pods-WageKeeper.release.xcconfig */,
			);
			name = Pods;
			sourceTree = "<group>";
		};
		980600FF1FC5A7680067F0B4 /* Calculator */ = {
			isa = PBXGroup;
			children = (
				98E284E21FC70CC1004FD2D2 /* TabBarController.swift */,
				9864BB0B1FD4700E005DB5F2 /* Calculator.swift */,
				98FD4C5C1FC8390F002B91B1 /* LaunchCell.swift */,
			);
			path = Calculator;
			sourceTree = "<group>";
		};
		982548242210952700BA182D /* AddEdit */ = {
			isa = PBXGroup;
			children = (
				982548252210953C00BA182D /* Cells */,
				98A54976220E03C000CBEE5D /* AddVC.swift */,
				980B984E2211837800414EB9 /* EditVC.swift */,
			);
			path = AddEdit;
			sourceTree = "<group>";
		};
		982548252210953C00BA182D /* Cells */ = {
			isa = PBXGroup;
			children = (
				9825482E2210ADF500BA182D /* FullTextFieldCell.swift */,
				982548302210D70D00BA182D /* DurationCell.swift */,
				9825482C2210AB0500BA182D /* NoteCell.swift */,
				982548282210987600BA182D /* SwitchCell.swift */,
			);
			path = Cells;
			sourceTree = "<group>";
		};
		982F934C220880D7005D9C99 /* entities */ = {
			isa = PBXGroup;
			children = (
				9830C2002207A0EF0023B582 /* Period.swift */,
				98D40CC4220B410F006E59E0 /* User.swift */,
				982F934D220884DA005D9C99 /* ShiftModel.swift */,
				9886E9BB2211C11D00A4207A /* Periods.swift */,
			);
			path = entities;
			sourceTree = "<group>";
		};
		9830C1FF220794CE0023B582 /* utils */ = {
			isa = PBXGroup;
			children = (
				982F934F2208B103005D9C99 /* UserSettings.swift */,
				989392DB1FCEF322002475EA /* Extensions.swift */,
				98E2EF991FB4D657006C3F96 /* CountingLabel.swift */,
				9830C2052207B3AD0023B582 /* Time.swift */,
				9858E0EB220866D7007600C3 /* Version.swift */,
				982F934A22087796005D9C99 /* LocalStorage.swift */,
				981E7FD32209FF0E006A492C /* CloudStorage.swift */,
				98D40CC2220B3C6A006E59E0 /* CloudAuth.swift */,
				982F93532208C386005D9C99 /* StringFormatter.swift */,
				9886E9BD2211DEA000A4207A /* Colors.swift */,
				98BD37F02214AF9E0047F10E /* globals.swift */,
			);
			path = utils;
			sourceTree = "<group>";
		};
		988FDEAD1F9F7AFA0090DEF1 = {
			isa = PBXGroup;
			children = (
				988FDEB81F9F7AFA0090DEF1 /* src */,
				988FDEB71F9F7AFA0090DEF1 /* Products */,
				1F9ACF658B38C6DB8A853818 /* Pods */,
				DDF3811D744F0B753A21B7F7 /* Frameworks */,
			);
			sourceTree = "<group>";
		};
		988FDEB71F9F7AFA0090DEF1 /* Products */ = {
			isa = PBXGroup;
			children = (
				988FDEB61F9F7AFA0090DEF1 /* WageKeeper.app */,
			);
			name = Products;
			sourceTree = "<group>";
		};
		988FDEB81F9F7AFA0090DEF1 /* src */ = {
			isa = PBXGroup;
			children = (
				98D40CBE220B3548006E59E0 /* Views */,
				982F934C220880D7005D9C99 /* entities */,
				9830C1FF220794CE0023B582 /* utils */,
				9830C1FB220793CB0023B582 /* LaunchScreen.storyboard */,
				9830C1FC220793CB0023B582 /* Main.storyboard */,
				98B3B87F2209DA8C000D153B /* GoogleService-Info.plist */,
				988FDEC31F9F7AFA0090DEF1 /* Assets.xcassets */,
				98ACD1891FA39EA100B78C7D /* Supporting files */,
			);
			path = src;
			sourceTree = "<group>";
		};
		98ACD1891FA39EA100B78C7D /* Supporting files */ = {
			isa = PBXGroup;
			children = (
				988FDEB91F9F7AFA0090DEF1 /* AppDelegate.swift */,
				9843191422078EC000C9B6FF /* Info.plist */,
				988FDEC01F9F7AFA0090DEF1 /* adding_shifts.xcdatamodeld */,
			);
			path = "Supporting files";
			sourceTree = "<group>";
		};
		98ACD18A1FA39EC700B78C7D /* Settings  */ = {
			isa = PBXGroup;
			children = (
				980D1DCF1FA3A4770091E06D /* SettingsTableNav.swift */,
				98CA61931FB0A6D900463FF7 /* OvertimeRuleTable.swift */,
				9862A5701FCC33AA0047671D /* AdvancedSettingsTable.swift */,
				98ACD1661FA381D800B78C7D /* SettingsTable.swift */,
			);
			path = "Settings ";
			sourceTree = "<group>";
		};
		98ACD18B1FA39EE100B78C7D /* Logger */ = {
			isa = PBXGroup;
			children = (
				9852F1061FA2309B00E7BDB5 /* MainCell.swift */,
				988FDEBB1F9F7AFA0090DEF1 /* Logger.swift */,
				9820A5541FBCBF6B00EAEE6A /* MainNav.swift */,
			);
			path = Logger;
			sourceTree = "<group>";
		};
		98D40CBE220B3548006E59E0 /* Views */ = {
			isa = PBXGroup;
			children = (
				980600FF1FC5A7680067F0B4 /* Calculator */,
				982548242210952700BA182D /* AddEdit */,
				98D40CBF220B3594006E59E0 /* Auth */,
				98ACD18A1FA39EC700B78C7D /* Settings  */,
				98ACD18B1FA39EE100B78C7D /* Logger */,
				98D6628D22160027001B2422 /* Account */,
			);
			name = Views;
			path = ..;
			sourceTree = "<group>";
		};
		98D40CBF220B3594006E59E0 /* Auth */ = {
			isa = PBXGroup;
			children = (
				98D40CC0220B35A9006E59E0 /* AuthVC.swift */,
				982FFE9122134B27007400C6 /* LoginForm.swift */,
				982FFE9322134F59007400C6 /* CreateAccountForm.swift */,
			);
			path = Auth;
			sourceTree = "<group>";
		};
		98D6628D22160027001B2422 /* Account */ = {
			isa = PBXGroup;
			children = (
				982FFE8D22130F9F007400C6 /* AccountVC.swift */,
				98D6628E2216003F001B2422 /* UpdateForm.swift */,
			);
			path = Account;
			sourceTree = "<group>";
		};
		DDF3811D744F0B753A21B7F7 /* Frameworks */ = {
			isa = PBXGroup;
			children = (
				6A2FEDCE8102FEBDF20CDA71 /* Pods_WageKeeper.framework */,
			);
			name = Frameworks;
			sourceTree = "<group>";
		};
/* End PBXGroup section */

/* Begin PBXNativeTarget section */
		988FDEB51F9F7AFA0090DEF1 /* WageKeeper */ = {
			isa = PBXNativeTarget;
			buildConfigurationList = 988FDECB1F9F7AFA0090DEF1 /* Build configuration list for PBXNativeTarget "WageKeeper" */;
			buildPhases = (
				9F567ADB09AD22CFCA25A749 /* [CP] Check Pods Manifest.lock */,
				988FDEB21F9F7AFA0090DEF1 /* Sources */,
				988FDEB31F9F7AFA0090DEF1 /* Frameworks */,
				988FDEB41F9F7AFA0090DEF1 /* Resources */,
				CDED53151875779B7BEFD265 /* [CP] Embed Pods Frameworks */,
			);
			buildRules = (
			);
			dependencies = (
			);
			name = WageKeeper;
			productName = "adding shifts";
			productReference = 988FDEB61F9F7AFA0090DEF1 /* WageKeeper.app */;
			productType = "com.apple.product-type.application";
		};
/* End PBXNativeTarget section */

/* Begin PBXProject section */
		988FDEAE1F9F7AFA0090DEF1 /* Project object */ = {
			isa = PBXProject;
			attributes = {
				LastSwiftUpdateCheck = 0900;
				LastUpgradeCheck = 1000;
				ORGANIZATIONNAME = "Bartek ";
				TargetAttributes = {
					988FDEB51F9F7AFA0090DEF1 = {
						CreatedOnToolsVersion = 9.0.1;
						LastSwiftMigration = 1000;
						ProvisioningStyle = Automatic;
					};
				};
			};
			buildConfigurationList = 988FDEB11F9F7AFA0090DEF1 /* Build configuration list for PBXProject "WageKeeper" */;
			compatibilityVersion = "Xcode 8.0";
			developmentRegion = en;
			hasScannedForEncodings = 0;
			knownRegions = (
				en,
				Base,
			);
			mainGroup = 988FDEAD1F9F7AFA0090DEF1;
			productRefGroup = 988FDEB71F9F7AFA0090DEF1 /* Products */;
			projectDirPath = "";
			projectRoot = "";
			targets = (
				988FDEB51F9F7AFA0090DEF1 /* WageKeeper */,
			);
		};
/* End PBXProject section */

/* Begin PBXResourcesBuildPhase section */
		988FDEB41F9F7AFA0090DEF1 /* Resources */ = {
			isa = PBXResourcesBuildPhase;
			buildActionMask = 2147483647;
			files = (
				9830C1FE220793CB0023B582 /* Main.storyboard in Resources */,
				98B3B8802209DA8C000D153B /* GoogleService-Info.plist in Resources */,
				9830C1FD220793CB0023B582 /* LaunchScreen.storyboard in Resources */,
				988FDEC41F9F7AFA0090DEF1 /* Assets.xcassets in Resources */,
			);
			runOnlyForDeploymentPostprocessing = 0;
		};
/* End PBXResourcesBuildPhase section */

/* Begin PBXShellScriptBuildPhase section */
		9F567ADB09AD22CFCA25A749 /* [CP] Check Pods Manifest.lock */ = {
			isa = PBXShellScriptBuildPhase;
			buildActionMask = 2147483647;
			files = (
			);
			inputFileListPaths = (
			);
			inputPaths = (
				"${PODS_PODFILE_DIR_PATH}/Podfile.lock",
				"${PODS_ROOT}/Manifest.lock",
			);
			name = "[CP] Check Pods Manifest.lock";
			outputFileListPaths = (
			);
			outputPaths = (
				"$(DERIVED_FILE_DIR)/Pods-WageKeeper-checkManifestLockResult.txt",
			);
			runOnlyForDeploymentPostprocessing = 0;
			shellPath = /bin/sh;
			shellScript = "diff \"${PODS_PODFILE_DIR_PATH}/Podfile.lock\" \"${PODS_ROOT}/Manifest.lock\" > /dev/null\nif [ $? != 0 ] ; then\n    # print error to STDERR\n    echo \"error: The sandbox is not in sync with the Podfile.lock. Run 'pod install' or update your CocoaPods installation.\" >&2\n    exit 1\nfi\n# This output is used by Xcode 'outputs' to avoid re-running this script phase.\necho \"SUCCESS\" > \"${SCRIPT_OUTPUT_FILE_0}\"\n";
			showEnvVarsInLog = 0;
		};
		CDED53151875779B7BEFD265 /* [CP] Embed Pods Frameworks */ = {
			isa = PBXShellScriptBuildPhase;
			buildActionMask = 2147483647;
			files = (
			);
			inputFileListPaths = (
			);
			inputPaths = (
				"${SRCROOT}/Pods/Target Support Files/Pods-WageKeeper/Pods-WageKeeper-frameworks.sh",
				"${BUILT_PRODUCTS_DIR}/BoringSSL-GRPC/openssl_grpc.framework",
				"${BUILT_PRODUCTS_DIR}/GTMSessionFetcher/GTMSessionFetcher.framework",
				"${BUILT_PRODUCTS_DIR}/GoogleUtilities/GoogleUtilities.framework",
				"${BUILT_PRODUCTS_DIR}/Protobuf/Protobuf.framework",
				"${BUILT_PRODUCTS_DIR}/gRPC-C++/grpcpp.framework",
				"${BUILT_PRODUCTS_DIR}/gRPC-Core/grpc.framework",
				"${BUILT_PRODUCTS_DIR}/leveldb-library/leveldb.framework",
				"${BUILT_PRODUCTS_DIR}/nanopb/nanopb.framework",
			);
			name = "[CP] Embed Pods Frameworks";
			outputFileListPaths = (
			);
			outputPaths = (
				"${TARGET_BUILD_DIR}/${FRAMEWORKS_FOLDER_PATH}/openssl_grpc.framework",
				"${TARGET_BUILD_DIR}/${FRAMEWORKS_FOLDER_PATH}/GTMSessionFetcher.framework",
				"${TARGET_BUILD_DIR}/${FRAMEWORKS_FOLDER_PATH}/GoogleUtilities.framework",
				"${TARGET_BUILD_DIR}/${FRAMEWORKS_FOLDER_PATH}/Protobuf.framework",
				"${TARGET_BUILD_DIR}/${FRAMEWORKS_FOLDER_PATH}/grpcpp.framework",
				"${TARGET_BUILD_DIR}/${FRAMEWORKS_FOLDER_PATH}/grpc.framework",
				"${TARGET_BUILD_DIR}/${FRAMEWORKS_FOLDER_PATH}/leveldb.framework",
				"${TARGET_BUILD_DIR}/${FRAMEWORKS_FOLDER_PATH}/nanopb.framework",
			);
			runOnlyForDeploymentPostprocessing = 0;
			shellPath = /bin/sh;
			shellScript = "\"${SRCROOT}/Pods/Target Support Files/Pods-WageKeeper/Pods-WageKeeper-frameworks.sh\"\n";
			showEnvVarsInLog = 0;
		};
/* End PBXShellScriptBuildPhase section */

/* Begin PBXSourcesBuildPhase section */
		988FDEB21F9F7AFA0090DEF1 /* Sources */ = {
			isa = PBXSourcesBuildPhase;
			buildActionMask = 2147483647;
			files = (
				9852F1071FA2309B00E7BDB5 /* MainCell.swift in Sources */,
				988FDEC21F9F7AFA0090DEF1 /* adding_shifts.xcdatamodeld in Sources */,
				98D40CC3220B3C6A006E59E0 /* CloudAuth.swift in Sources */,
				9886E9BE2211DEA000A4207A /* Colors.swift in Sources */,
				980D1DD01FA3A4770091E06D /* SettingsTableNav.swift in Sources */,
				988FDEBC1F9F7AFA0090DEF1 /* Logger.swift in Sources */,
				980B984F2211837800414EB9 /* EditVC.swift in Sources */,
				982FFE9222134B27007400C6 /* LoginForm.swift in Sources */,
				9825482F2210ADF500BA182D /* FullTextFieldCell.swift in Sources */,
				98FD4C5D1FC8390F002B91B1 /* LaunchCell.swift in Sources */,
				9862A5711FCC33AA0047671D /* AdvancedSettingsTable.swift in Sources */,
				98D40CC5220B410F006E59E0 /* User.swift in Sources */,
				982548292210987600BA182D /* SwitchCell.swift in Sources */,
				9830C2062207B3AD0023B582 /* Time.swift in Sources */,
				9825482D2210AB0500BA182D /* NoteCell.swift in Sources */,
				982F934B22087796005D9C99 /* LocalStorage.swift in Sources */,
				9858E0EC220866D7007600C3 /* Version.swift in Sources */,
				981E7FD42209FF0E006A492C /* CloudStorage.swift in Sources */,
				984319182207923E00C9B6FF /* AppDelegate.swift in Sources */,
				98CA61941FB0A6D900463FF7 /* OvertimeRuleTable.swift in Sources */,
				98D6628F2216003F001B2422 /* UpdateForm.swift in Sources */,
				98D40CC1220B35A9006E59E0 /* AuthVC.swift in Sources */,
				98ACD1671FA381D800B78C7D /* SettingsTable.swift in Sources */,
				982548312210D70D00BA182D /* DurationCell.swift in Sources */,
				982FFE9422134F59007400C6 /* CreateAccountForm.swift in Sources */,
				98E2EF9A1FB4D657006C3F96 /* CountingLabel.swift in Sources */,
				9864BB0C1FD4700E005DB5F2 /* Calculator.swift in Sources */,
				9830C2012207A0EF0023B582 /* Period.swift in Sources */,
				98A54977220E03C000CBEE5D /* AddVC.swift in Sources */,
				982F934E220884DA005D9C99 /* ShiftModel.swift in Sources */,
				9820A5551FBCBF6B00EAEE6A /* MainNav.swift in Sources */,
				98E284E31FC70CC1004FD2D2 /* TabBarController.swift in Sources */,
				98BD37F12214AF9E0047F10E /* globals.swift in Sources */,
				982F93542208C386005D9C99 /* StringFormatter.swift in Sources */,
				982FFE8E22130F9F007400C6 /* AccountVC.swift in Sources */,
				989392DC1FCEF322002475EA /* Extensions.swift in Sources */,
				9886E9BC2211C11D00A4207A /* Periods.swift in Sources */,
				982F93502208B103005D9C99 /* UserSettings.swift in Sources */,
			);
			runOnlyForDeploymentPostprocessing = 0;
		};
/* End PBXSourcesBuildPhase section */

/* Begin XCBuildConfiguration section */
		988FDEC91F9F7AFA0090DEF1 /* Debug */ = {
			isa = XCBuildConfiguration;
			buildSettings = {
				ALWAYS_SEARCH_USER_PATHS = NO;
				CLANG_ANALYZER_NONNULL = YES;
				CLANG_ANALYZER_NUMBER_OBJECT_CONVERSION = YES_AGGRESSIVE;
				CLANG_CXX_LANGUAGE_STANDARD = "gnu++14";
				CLANG_CXX_LIBRARY = "libc++";
				CLANG_ENABLE_MODULES = YES;
				CLANG_ENABLE_OBJC_ARC = YES;
				CLANG_WARN_BLOCK_CAPTURE_AUTORELEASING = YES;
				CLANG_WARN_BOOL_CONVERSION = YES;
				CLANG_WARN_COMMA = YES;
				CLANG_WARN_CONSTANT_CONVERSION = YES;
				CLANG_WARN_DEPRECATED_OBJC_IMPLEMENTATIONS = YES;
				CLANG_WARN_DIRECT_OBJC_ISA_USAGE = YES_ERROR;
				CLANG_WARN_DOCUMENTATION_COMMENTS = YES;
				CLANG_WARN_EMPTY_BODY = YES;
				CLANG_WARN_ENUM_CONVERSION = YES;
				CLANG_WARN_INFINITE_RECURSION = YES;
				CLANG_WARN_INT_CONVERSION = YES;
				CLANG_WARN_NON_LITERAL_NULL_CONVERSION = YES;
				CLANG_WARN_OBJC_IMPLICIT_RETAIN_SELF = YES;
				CLANG_WARN_OBJC_LITERAL_CONVERSION = YES;
				CLANG_WARN_OBJC_ROOT_CLASS = YES_ERROR;
				CLANG_WARN_RANGE_LOOP_ANALYSIS = YES;
				CLANG_WARN_STRICT_PROTOTYPES = YES;
				CLANG_WARN_SUSPICIOUS_MOVE = YES;
				CLANG_WARN_UNGUARDED_AVAILABILITY = YES_AGGRESSIVE;
				CLANG_WARN_UNREACHABLE_CODE = YES;
				CLANG_WARN__DUPLICATE_METHOD_MATCH = YES;
				CODE_SIGN_IDENTITY = "iPhone Developer";
				COPY_PHASE_STRIP = NO;
				DEBUG_INFORMATION_FORMAT = dwarf;
				ENABLE_STRICT_OBJC_MSGSEND = YES;
				ENABLE_TESTABILITY = YES;
				GCC_C_LANGUAGE_STANDARD = gnu11;
				GCC_DYNAMIC_NO_PIC = NO;
				GCC_NO_COMMON_BLOCKS = YES;
				GCC_OPTIMIZATION_LEVEL = 0;
				GCC_PREPROCESSOR_DEFINITIONS = (
					"DEBUG=1",
					"$(inherited)",
				);
				GCC_WARN_64_TO_32_BIT_CONVERSION = YES;
				GCC_WARN_ABOUT_RETURN_TYPE = YES_ERROR;
				GCC_WARN_UNDECLARED_SELECTOR = YES;
				GCC_WARN_UNINITIALIZED_AUTOS = YES_AGGRESSIVE;
				GCC_WARN_UNUSED_FUNCTION = YES;
				GCC_WARN_UNUSED_VARIABLE = YES;
				IPHONEOS_DEPLOYMENT_TARGET = 11.0;
				MTL_ENABLE_DEBUG_INFO = YES;
				ONLY_ACTIVE_ARCH = YES;
				SDKROOT = iphoneos;
				SWIFT_ACTIVE_COMPILATION_CONDITIONS = DEBUG;
				SWIFT_OPTIMIZATION_LEVEL = "-Onone";
			};
			name = Debug;
		};
		988FDECA1F9F7AFA0090DEF1 /* Release */ = {
			isa = XCBuildConfiguration;
			buildSettings = {
				ALWAYS_SEARCH_USER_PATHS = NO;
				CLANG_ANALYZER_NONNULL = YES;
				CLANG_ANALYZER_NUMBER_OBJECT_CONVERSION = YES_AGGRESSIVE;
				CLANG_CXX_LANGUAGE_STANDARD = "gnu++14";
				CLANG_CXX_LIBRARY = "libc++";
				CLANG_ENABLE_MODULES = YES;
				CLANG_ENABLE_OBJC_ARC = YES;
				CLANG_WARN_BLOCK_CAPTURE_AUTORELEASING = YES;
				CLANG_WARN_BOOL_CONVERSION = YES;
				CLANG_WARN_COMMA = YES;
				CLANG_WARN_CONSTANT_CONVERSION = YES;
				CLANG_WARN_DEPRECATED_OBJC_IMPLEMENTATIONS = YES;
				CLANG_WARN_DIRECT_OBJC_ISA_USAGE = YES_ERROR;
				CLANG_WARN_DOCUMENTATION_COMMENTS = YES;
				CLANG_WARN_EMPTY_BODY = YES;
				CLANG_WARN_ENUM_CONVERSION = YES;
				CLANG_WARN_INFINITE_RECURSION = YES;
				CLANG_WARN_INT_CONVERSION = YES;
				CLANG_WARN_NON_LITERAL_NULL_CONVERSION = YES;
				CLANG_WARN_OBJC_IMPLICIT_RETAIN_SELF = YES;
				CLANG_WARN_OBJC_LITERAL_CONVERSION = YES;
				CLANG_WARN_OBJC_ROOT_CLASS = YES_ERROR;
				CLANG_WARN_RANGE_LOOP_ANALYSIS = YES;
				CLANG_WARN_STRICT_PROTOTYPES = YES;
				CLANG_WARN_SUSPICIOUS_MOVE = YES;
				CLANG_WARN_UNGUARDED_AVAILABILITY = YES_AGGRESSIVE;
				CLANG_WARN_UNREACHABLE_CODE = YES;
				CLANG_WARN__DUPLICATE_METHOD_MATCH = YES;
				CODE_SIGN_IDENTITY = "iPhone Developer";
				COPY_PHASE_STRIP = NO;
				DEBUG_INFORMATION_FORMAT = "dwarf-with-dsym";
				ENABLE_NS_ASSERTIONS = NO;
				ENABLE_STRICT_OBJC_MSGSEND = YES;
				GCC_C_LANGUAGE_STANDARD = gnu11;
				GCC_NO_COMMON_BLOCKS = YES;
				GCC_WARN_64_TO_32_BIT_CONVERSION = YES;
				GCC_WARN_ABOUT_RETURN_TYPE = YES_ERROR;
				GCC_WARN_UNDECLARED_SELECTOR = YES;
				GCC_WARN_UNINITIALIZED_AUTOS = YES_AGGRESSIVE;
				GCC_WARN_UNUSED_FUNCTION = YES;
				GCC_WARN_UNUSED_VARIABLE = YES;
				IPHONEOS_DEPLOYMENT_TARGET = 11.0;
				MTL_ENABLE_DEBUG_INFO = NO;
				SDKROOT = iphoneos;
				SWIFT_OPTIMIZATION_LEVEL = "-Owholemodule";
				VALIDATE_PRODUCT = YES;
			};
			name = Release;
		};
		988FDECC1F9F7AFA0090DEF1 /* Debug */ = {
			isa = XCBuildConfiguration;
			baseConfigurationReference = 12185FAAFF2FF701EBC5FDD9 /* Pods-WageKeeper.debug.xcconfig */;
			buildSettings = {
				ASSETCATALOG_COMPILER_APPICON_NAME = AppIcon;
				CODE_SIGN_STYLE = Automatic;
				DEVELOPMENT_TEAM = Z4CUEH82JK;
				INFOPLIST_FILE = "src/Supporting files/Info.plist";
				IPHONEOS_DEPLOYMENT_TARGET = 10.0;
				LD_RUNPATH_SEARCH_PATHS = "$(inherited) @executable_path/Frameworks";
				PRODUCT_BUNDLE_IDENTIFIER = Bartek.SalaryCalc;
				PRODUCT_NAME = "$(TARGET_NAME)";
				SWIFT_REFLECTION_METADATA_LEVEL = none;
				SWIFT_VERSION = 4.2;
				TARGETED_DEVICE_FAMILY = "1,2";
			};
			name = Debug;
		};
		988FDECD1F9F7AFA0090DEF1 /* Release */ = {
			isa = XCBuildConfiguration;
			baseConfigurationReference = 6106A203491D43CA4ED87591 /* Pods-WageKeeper.release.xcconfig */;
			buildSettings = {
				ASSETCATALOG_COMPILER_APPICON_NAME = AppIcon;
				CODE_SIGN_STYLE = Automatic;
				DEVELOPMENT_TEAM = Z4CUEH82JK;
				INFOPLIST_FILE = "src/Supporting files/Info.plist";
				IPHONEOS_DEPLOYMENT_TARGET = 10.0;
				LD_RUNPATH_SEARCH_PATHS = "$(inherited) @executable_path/Frameworks";
				PRODUCT_BUNDLE_IDENTIFIER = Bartek.SalaryCalc;
				PRODUCT_NAME = "$(TARGET_NAME)";
				SWIFT_REFLECTION_METADATA_LEVEL = none;
				SWIFT_VERSION = 4.2;
				TARGETED_DEVICE_FAMILY = "1,2";
			};
			name = Release;
		};
/* End XCBuildConfiguration section */

/* Begin XCConfigurationList section */
		988FDEB11F9F7AFA0090DEF1 /* Build configuration list for PBXProject "WageKeeper" */ = {
			isa = XCConfigurationList;
			buildConfigurations = (
				988FDEC91F9F7AFA0090DEF1 /* Debug */,
				988FDECA1F9F7AFA0090DEF1 /* Release */,
			);
			defaultConfigurationIsVisible = 0;
			defaultConfigurationName = Release;
		};
		988FDECB1F9F7AFA0090DEF1 /* Build configuration list for PBXNativeTarget "WageKeeper" */ = {
			isa = XCConfigurationList;
			buildConfigurations = (
				988FDECC1F9F7AFA0090DEF1 /* Debug */,
				988FDECD1F9F7AFA0090DEF1 /* Release */,
			);
			defaultConfigurationIsVisible = 0;
			defaultConfigurationName = Release;
		};
/* End XCConfigurationList section */

/* Begin XCVersionGroup section */
		988FDEC01F9F7AFA0090DEF1 /* adding_shifts.xcdatamodeld */ = {
			isa = XCVersionGroup;
			children = (
				988FDEC11F9F7AFA0090DEF1 /* adding_shifts.xcdatamodel */,
			);
			currentVersion = 988FDEC11F9F7AFA0090DEF1 /* adding_shifts.xcdatamodel */;
			path = adding_shifts.xcdatamodeld;
			sourceTree = "<group>";
			versionGroupType = wrapper.xcdatamodel;
		};
/* End XCVersionGroup section */
	};
	rootObject = 988FDEAE1F9F7AFA0090DEF1 /* Project object */;
}
